
Microsoft Visual Studio Solution File, Format Version 12.00
Project("{FAE04EC0-301F-11D3-BF4B-00C04F79EFBC}") = "BackgroundServiceExamples.WindowsService", "BackgroundServiceExamples.WindowsService\BackgroundServiceExamples.WindowsService.csproj", "{59F5FCC6-5F06-486C-BD33-00EAFC0DF4D0}"
EndProject
Project("{FAE04EC0-301F-11D3-BF4B-00C04F79EFBC}") = "BackgroundServiceExamples.Hangfire", "BackgroundServiceExamples.Hangfire\BackgroundServiceExamples.Hangfire.csproj", "{65292563-72BC-4B3E-98AD-8C6DE71784DF}"
EndProject
Project("{FAE04EC0-301F-11D3-BF4B-00C04F79EFBC}") = "BackgroundServiceExamples.Core", "BackgroundServiceExamples.Core\BackgroundServiceExamples.Core.csproj", "{B9415361-A3D4-4C27-BFB7-65EB5BF7E1CE}"
EndProject
Project("{FAE04EC0-301F-11D3-BF4B-00C04F79EFBC}") = "BackgroundServiceExamples.WorkerService", "BackgroundServiceExamples.WorkerService\BackgroundServiceExamples.WorkerService.csproj", "{7C53B119-EDD1-4FAC-9E91-DC9D3CC4DBCB}"
EndProject
Project("{FAE04EC0-301F-11D3-BF4B-00C04F79EFBC}") = "BackgroundServiceExamples.MessageBasedWorker", "BackgroundServiceExamples.MessageBasedWorker\BackgroundServiceExamples.MessageBasedWorker.csproj", "{1A470B1F-CC70-4F46-8785-598533178406}"
EndProject
Project("{FAE04EC0-301F-11D3-BF4B-00C04F79EFBC}") = "BackgroundServiceExamples.MessageBasedWorker.Client", "BackgroundServiceExamples.MessageBasedWorker.Client\BackgroundServiceExamples.MessageBasedWorker.Client.csproj", "{63528BC8-3F0E-4D21-81C9-C795DC605382}"
EndProject
Project("{FAE04EC0-301F-11D3-BF4B-00C04F79EFBC}") = "BackgroundServiceExample.AzureFunctions", "BackgroundServiceExample.AzureFunctions\BackgroundServiceExample.AzureFunctions.csproj", "{F95BB360-6694-4DFB-9C7D-F395977AB481}"
EndProject
Project("{FAE04EC0-301F-11D3-BF4B-00C04F79EFBC}") = "BackgroundServiceExamples.WebApp", "BackgroundServiceExamples.WebApp\BackgroundServiceExamples.WebApp.csproj", "{5493B5D2-3564-45D5-810D-6D69F4FECD5B}"
EndProject
Global
	GlobalSection(SolutionConfigurationPlatforms) = preSolution
		Debug|Any CPU = Debug|Any CPU
		Release|Any CPU = Release|Any CPU
	EndGlobalSection
	GlobalSection(ProjectConfigurationPlatforms) = postSolution
		{59F5FCC6-5F06-486C-BD33-00EAFC0DF4D0}.Debug|Any CPU.ActiveCfg = Debug|Any CPU
		{59F5FCC6-5F06-486C-BD33-00EAFC0DF4D0}.Debug|Any CPU.Build.0 = Debug|Any CPU
		{59F5FCC6-5F06-486C-BD33-00EAFC0DF4D0}.Release|Any CPU.ActiveCfg = Release|Any CPU
		{59F5FCC6-5F06-486C-BD33-00EAFC0DF4D0}.Release|Any CPU.Build.0 = Release|Any CPU
		{65292563-72BC-4B3E-98AD-8C6DE71784DF}.Debug|Any CPU.ActiveCfg = Debug|Any CPU
		{65292563-72BC-4B3E-98AD-8C6DE71784DF}.Debug|Any CPU.Build.0 = Debug|Any CPU
		{65292563-72BC-4B3E-98AD-8C6DE71784DF}.Release|Any CPU.ActiveCfg = Release|Any CPU
		{65292563-72BC-4B3E-98AD-8C6DE71784DF}.Release|Any CPU.Build.0 = Release|Any CPU
		{B9415361-A3D4-4C27-BFB7-65EB5BF7E1CE}.Debug|Any CPU.ActiveCfg = Debug|Any CPU
		{B9415361-A3D4-4C27-BFB7-65EB5BF7E1CE}.Debug|Any CPU.Build.0 = Debug|Any CPU
		{B9415361-A3D4-4C27-BFB7-65EB5BF7E1CE}.Release|Any CPU.ActiveCfg = Release|Any CPU
		{B9415361-A3D4-4C27-BFB7-65EB5BF7E1CE}.Release|Any CPU.Build.0 = Release|Any CPU
		{7C53B119-EDD1-4FAC-9E91-DC9D3CC4DBCB}.Debug|Any CPU.ActiveCfg = Debug|Any CPU
		{7C53B119-EDD1-4FAC-9E91-DC9D3CC4DBCB}.Debug|Any CPU.Build.0 = Debug|Any CPU
		{7C53B119-EDD1-4FAC-9E91-DC9D3CC4DBCB}.Release|Any CPU.ActiveCfg = Release|Any CPU
		{7C53B119-EDD1-4FAC-9E91-DC9D3CC4DBCB}.Release|Any CPU.Build.0 = Release|Any CPU
		{1A470B1F-CC70-4F46-8785-598533178406}.Debug|Any CPU.ActiveCfg = Debug|Any CPU
		{1A470B1F-CC70-4F46-8785-598533178406}.Debug|Any CPU.Build.0 = Debug|Any CPU
		{1A470B1F-CC70-4F46-8785-598533178406}.Release|Any CPU.ActiveCfg = Release|Any CPU
		{1A470B1F-CC70-4F46-8785-598533178406}.Release|Any CPU.Build.0 = Release|Any CPU
		{63528BC8-3F0E-4D21-81C9-C795DC605382}.Debug|Any CPU.ActiveCfg = Debug|Any CPU
		{63528BC8-3F0E-4D21-81C9-C795DC605382}.Debug|Any CPU.Build.0 = Debug|Any CPU
		{63528BC8-3F0E-4D21-81C9-C795DC605382}.Release|Any CPU.ActiveCfg = Release|Any CPU
		{63528BC8-3F0E-4D21-81C9-C795DC605382}.Release|Any CPU.Build.0 = Release|Any CPU
		{F95BB360-6694-4DFB-9C7D-F395977AB481}.Debug|Any CPU.ActiveCfg = Debug|Any CPU
		{F95BB360-6694-4DFB-9C7D-F395977AB481}.Debug|Any CPU.Build.0 = Debug|Any CPU
		{F95BB360-6694-4DFB-9C7D-F395977AB481}.Release|Any CPU.ActiveCfg = Release|Any CPU
		{F95BB360-6694-4DFB-9C7D-F395977AB481}.Release|Any CPU.Build.0 = Release|Any CPU
		{5493B5D2-3564-45D5-810D-6D69F4FECD5B}.Debug|Any CPU.ActiveCfg = Debug|Any CPU
		{5493B5D2-3564-45D5-810D-6D69F4FECD5B}.Debug|Any CPU.Build.0 = Debug|Any CPU
		{5493B5D2-3564-45D5-810D-6D69F4FECD5B}.Release|Any CPU.ActiveCfg = Release|Any CPU
		{5493B5D2-3564-45D5-810D-6D69F4FECD5B}.Release|Any CPU.Build.0 = Release|Any CPU
	EndGlobalSection
EndGlobal
